// !$*UTF8*$!
{
	archiveVersion = 1;
	classes = {
	};
	objectVersion = 46;
	objects = {

/* Begin PBXBuildFile section */
		824BCA381E3D3AE00014F1D3 /* AppDelegate.swift in Sources */ = {isa = PBXBuildFile; fileRef = 824BCA371E3D3AE00014F1D3 /* AppDelegate.swift */; };
		824BCA3A1E3D3AE00014F1D3 /* RecordSoundsViewController.swift in Sources */ = {isa = PBXBuildFile; fileRef = 824BCA391E3D3AE00014F1D3 /* RecordSoundsViewController.swift */; };
		824BCA3D1E3D3AE00014F1D3 /* Main.storyboard in Resources */ = {isa = PBXBuildFile; fileRef = 824BCA3B1E3D3AE00014F1D3 /* Main.storyboard */; };
		824BCA3F1E3D3AE00014F1D3 /* Assets.xcassets in Resources */ = {isa = PBXBuildFile; fileRef = 824BCA3E1E3D3AE00014F1D3 /* Assets.xcassets */; };
		824BCA421E3D3AE00014F1D3 /* LaunchScreen.storyboard in Resources */ = {isa = PBXBuildFile; fileRef = 824BCA401E3D3AE00014F1D3 /* LaunchScreen.storyboard */; };
		824BCA4A1E3ED3D40014F1D3 /* PlaySoundsViewController.swift in Sources */ = {isa = PBXBuildFile; fileRef = 824BCA491E3ED3D40014F1D3 /* PlaySoundsViewController.swift */; };
		8252C74B1E3F5E5A00B4CC73 /* PlaySoundsViewController+Audio.swift in Sources */ = {isa = PBXBuildFile; fileRef = 8252C74A1E3F5E5A00B4CC73 /* PlaySoundsViewController+Audio.swift */; };
/* End PBXBuildFile section */

/* Begin PBXFileReference section */
		824BCA341E3D3AE00014F1D3 /* Pitch Perfect.app */ = {isa = PBXFileReference; explicitFileType = wrapper.application; includeInIndex = 0; path = "Pitch Perfect.app"; sourceTree = BUILT_PRODUCTS_DIR; };
		824BCA371E3D3AE00014F1D3 /* AppDelegate.swift */ = {isa = PBXFileReference; lastKnownFileType = sourcecode.swift; path = AppDelegate.swift; sourceTree = "<group>"; };
		824BCA391E3D3AE00014F1D3 /* RecordSoundsViewController.swift */ = {isa = PBXFileReference; lastKnownFileType = sourcecode.swift; path = RecordSoundsViewController.swift; sourceTree = "<group>"; };
		824BCA3C1E3D3AE00014F1D3 /* Base */ = {isa = PBXFileReference; lastKnownFileType = file.storyboard; name = Base; path = Base.lproj/Main.storyboard; sourceTree = "<group>"; };
		824BCA3E1E3D3AE00014F1D3 /* Assets.xcassets */ = {isa = PBXFileReference; lastKnownFileType = folder.assetcatalog; path = Assets.xcassets; sourceTree = "<group>"; };
		824BCA411E3D3AE00014F1D3 /* Base */ = {isa = PBXFileReference; lastKnownFileType = file.storyboard; name = Base; path = Base.lproj/LaunchScreen.storyboard; sourceTree = "<group>"; };
		824BCA431E3D3AE00014F1D3 /* Info.plist */ = {isa = PBXFileReference; lastKnownFileType = text.plist.xml; path = Info.plist; sourceTree = "<group>"; };
		824BCA491E3ED3D40014F1D3 /* PlaySoundsViewController.swift */ = {isa = PBXFileReference; fileEncoding = 4; lastKnownFileType = sourcecode.swift; path = PlaySoundsViewController.swift; sourceTree = "<group>"; };
		8252C74A1E3F5E5A00B4CC73 /* PlaySoundsViewController+Audio.swift */ = {isa = PBXFileReference; fileEncoding = 4; lastKnownFileType = sourcecode.swift; path = "PlaySoundsViewController+Audio.swift"; sourceTree = "<group>"; };
/* End PBXFileReference section */

/* Begin PBXFrameworksBuildPhase section */
		824BCA311E3D3AE00014F1D3 /* Frameworks */ = {
			isa = PBXFrameworksBuildPhase;
			buildActionMask = 2147483647;
			files = (
			);
			runOnlyForDeploymentPostprocessing = 0;
		};
/* End PBXFrameworksBuildPhase section */

/* Begin PBXGroup section */
		824BCA2B1E3D3AE00014F1D3 = {
			isa = PBXGroup;
			children = (
				824BCA361E3D3AE00014F1D3 /* Pitch Perfect */,
				824BCA351E3D3AE00014F1D3 /* Products */,
			);
			sourceTree = "<group>";
		};
		824BCA351E3D3AE00014F1D3 /* Products */ = {
			isa = PBXGroup;
			children = (
				824BCA341E3D3AE00014F1D3 /* Pitch Perfect.app */,
			);
			name = Products;
			sourceTree = "<group>";
		};
		824BCA361E3D3AE00014F1D3 /* Pitch Perfect */ = {
			isa = PBXGroup;
			children = (
				824BCA371E3D3AE00014F1D3 /* AppDelegate.swift */,
				824BCA391E3D3AE00014F1D3 /* RecordSoundsViewController.swift */,
				824BCA3B1E3D3AE00014F1D3 /* Main.storyboard */,
				824BCA3E1E3D3AE00014F1D3 /* Assets.xcassets */,
				824BCA401E3D3AE00014F1D3 /* LaunchScreen.storyboard */,
				824BCA431E3D3AE00014F1D3 /* Info.plist */,
				824BCA491E3ED3D40014F1D3 /* PlaySoundsViewController.swift */,
				8252C74A1E3F5E5A00B4CC73 /* PlaySoundsViewController+Audio.swift */,
			);
			path = "Pitch Perfect";
			sourceTree = "<group>";
		};
/* End PBXGroup section */

/* Begin PBXNativeTarget section */
		824BCA331E3D3AE00014F1D3 /* Pitch Perfect */ = {
			isa = PBXNativeTarget;
			buildConfigurationList = 824BCA461E3D3AE00014F1D3 /* Build configuration list for PBXNativeTarget "Pitch Perfect" */;
			buildPhases = (
				824BCA301E3D3AE00014F1D3 /* Sources */,
				824BCA311E3D3AE00014F1D3 /* Frameworks */,
				824BCA321E3D3AE00014F1D3 /* Resources */,
			);
			buildRules = (
			);
			dependencies = (
			);
			name = "Pitch Perfect";
			productName = "Pitch Perfect";
			productReference = 824BCA341E3D3AE00014F1D3 /* Pitch Perfect.app */;
			productType = "com.apple.product-type.application";
		};
/* End PBXNativeTarget section */

/* Begin PBXProject section */
		824BCA2C1E3D3AE00014F1D3 /* Project object */ = {
			isa = PBXProject;
			attributes = {
				LastSwiftUpdateCheck = 0820;
				LastUpgradeCheck = 0820;
				ORGANIZATIONNAME = "___GRCS___";
				TargetAttributes = {
					824BCA331E3D3AE00014F1D3 = {
						CreatedOnToolsVersion = 8.2.1;
						ProvisioningStyle = Automatic;
					};
				};
			};
			buildConfigurationList = 824BCA2F1E3D3AE00014F1D3 /* Build configuration list for PBXProject "Pitch Perfect" */;
			compatibilityVersion = "Xcode 3.2";
			developmentRegion = English;
			hasScannedForEncodings = 0;
			knownRegions = (
				en,
				Base,
			);
			mainGroup = 824BCA2B1E3D3AE00014F1D3;
			productRefGroup = 824BCA351E3D3AE00014F1D3 /* Products */;
			projectDirPath = "";
			projectRoot = "";
			targets = (
				824BCA331E3D3AE00014F1D3 /* Pitch Perfect */,
			);
		};
/* End PBXProject section */

/* Begin PBXResourcesBuildPhase section */
		824BCA321E3D3AE00014F1D3 /* Resources */ = {
			isa = PBXResourcesBuildPhase;
			buildActionMask = 2147483647;
			files = (
				824BCA421E3D3AE00014F1D3 /* LaunchScreen.storyboard in Resources */,
				824BCA3F1E3D3AE00014F1D3 /* Assets.xcassets in Resources */,
				824BCA3D1E3D3AE00014F1D3 /* Main.storyboard in Resources */,
			);
			runOnlyForDeploymentPostprocessing = 0;
		};
/* End PBXResourcesBuildPhase section */

/* Begin PBXSourcesBuildPhase section */
		824BCA301E3D3AE00014F1D3 /* Sources */ = {
			isa = PBXSourcesBuildPhase;
			buildActionMask = 2147483647;
			files = (
				824BCA3A1E3D3AE00014F1D3 /* RecordSoundsViewController.swift in Sources */,
				8252C74B1E3F5E5A00B4CC73 /* PlaySoundsViewController+Audio.swift in Sources */,
				824BCA4A1E3ED3D40014F1D3 /* PlaySoundsViewController.swift in Sources */,
				824BCA381E3D3AE00014F1D3 /* AppDelegate.swift in Sources */,
			);
			runOnlyForDeploymentPostprocessing = 0;
		};
/* End PBXSourcesBuildPhase section */

/* Begin PBXVariantGroup section */
		824BCA3B1E3D3AE00014F1D3 /* Main.storyboard */ = {
			isa = PBXVariantGroup;
			children = (
				824BCA3C1E3D3AE00014F1D3 /* Base */,
			);
			name = Main.storyboard;
			sourceTree = "<group>";
		};
		824BCA401E3D3AE00014F1D3 /* LaunchScreen.storyboard */ = {
			isa = PBXVariantGroup;
			children = (
				824BCA411E3D3AE00014F1D3 /* Base */,
			);
			name = LaunchScreen.storyboard;
			sourceTree = "<group>";
		};
/* End PBXVariantGroup section */

/* Begin XCBuildConfiguration section */
		824BCA441E3D3AE00014F1D3 /* Debug */ = {
			isa = XCBuildConfiguration;
			buildSettings = {
				ALWAYS_SEARCH_USER_PATHS = NO;
				CLANG_ANALYZER_NONNULL = YES;
				CLANG_CXX_LANGUAGE_STANDARD = "gnu++0x";
				CLANG_CXX_LIBRARY = "libc++";
				CLANG_ENABLE_MODULES = YES;
				CLANG_ENABLE_OBJC_ARC = YES;
				CLANG_WARN_BOOL_CONVERSION = YES;
				CLANG_WARN_CONSTANT_CONVERSION = YES;
				CLANG_WARN_DIRECT_OBJC_ISA_USAGE = YES_ERROR;
				CLANG_WARN_DOCUMENTATION_COMMENTS = YES;
				CLANG_WARN_EMPTY_BODY = YES;
				CLANG_WARN_ENUM_CONVERSION = YES;
				CLANG_WARN_INFINITE_RECURSION = YES;
				CLANG_WARN_INT_CONVERSION = YES;
				CLANG_WARN_OBJC_ROOT_CLASS = YES_ERROR;
				CLANG_WARN_SUSPICIOUS_MOVE = YES;
				CLANG_WARN_UNREACHABLE_CODE = YES;
				CLANG_WARN__DUPLICATE_METHOD_MATCH = YES;
				"CODE_SIGN_IDENTITY[sdk=iphoneos*]" = "iPhone Developer";
				COPY_PHASE_STRIP = NO;
				DEBUG_INFORMATION_FORMAT = dwarf;
				ENABLE_STRICT_OBJC_MSGSEND = YES;
				ENABLE_TESTABILITY = YES;
				GCC_C_LANGUAGE_STANDARD = gnu99;
				GCC_DYNAMIC_NO_PIC = NO;
				GCC_NO_COMMON_BLOCKS = YES;
				GCC_OPTIMIZATION_LEVEL = 0;
				GCC_PREPROCESSOR_DEFINITIONS = (
					"DEBUG=1",
					"$(inherited)",
				);
				GCC_WARN_64_TO_32_BIT_CONVERSION = YES;
				GCC_WARN_ABOUT_RETURN_TYPE = YES_ERROR;
				GCC_WARN_UNDECLARED_SELECTOR = YES;
				GCC_WARN_UNINITIALIZED_AUTOS = YES_AGGRESSIVE;
				GCC_WARN_UNUSED_FUNCTION = YES;
				GCC_WARN_UNUSED_VARIABLE = YES;
				IPHONEOS_DEPLOYMENT_TARGET = 10.2;
				MTL_ENABLE_DEBUG_INFO = YES;
				ONLY_ACTIVE_ARCH = YES;
				SDKROOT = iphoneos;
				SWIFT_ACTIVE_COMPILATION_CONDITIONS = DEBUG;
				SWIFT_OPTIMIZATION_LEVEL = "-Onone";
			};
			name = Debug;
		};
		824BCA451E3D3AE00014F1D3 /* Release */ = {
			isa = XCBuildConfiguration;
			buildSettings = {
				ALWAYS_SEARCH_USER_PATHS = NO;
				CLANG_ANALYZER_NONNULL = YES;
				CLANG_CXX_LANGUAGE_STANDARD = "gnu++0x";
				CLANG_CXX_LIBRARY = "libc++";
				CLANG_ENABLE_MODULES = YES;
				CLANG_ENABLE_OBJC_ARC = YES;
				CLANG_WARN_BOOL_CONVERSION = YES;
				CLANG_WARN_CONSTANT_CONVERSION = YES;
				CLANG_WARN_DIRECT_OBJC_ISA_USAGE = YES_ERROR;
				CLANG_WARN_DOCUMENTATION_COMMENTS = YES;
				CLANG_WARN_EMPTY_BODY = YES;
				CLANG_WARN_ENUM_CONVERSION = YES;
				CLANG_WARN_INFINITE_RECURSION = YES;
				CLANG_WARN_INT_CONVERSION = YES;
				CLANG_WARN_OBJC_ROOT_CLASS = YES_ERROR;
				CLANG_WARN_SUSPICIOUS_MOVE = YES;
				CLANG_WARN_UNREACHABLE_CODE = YES;
				CLANG_WARN__DUPLICATE_METHOD_MATCH = YES;
				"CODE_SIGN_IDENTITY[sdk=iphoneos*]" = "iPhone Developer";
				COPY_PHASE_STRIP = NO;
				DEBUG_INFORMATION_FORMAT = "dwarf-with-dsym";
				ENABLE_NS_ASSERTIONS = NO;
				ENABLE_STRICT_OBJC_MSGSEND = YES;
				GCC_C_LANGUAGE_STANDARD = gnu99;
				GCC_NO_COMMON_BLOCKS = YES;
				GCC_WARN_64_TO_32_BIT_CONVERSION = YES;
				GCC_WARN_ABOUT_RETURN_TYPE = YES_ERROR;
				GCC_WARN_UNDECLARED_SELECTOR = YES;
				GCC_WARN_UNINITIALIZED_AUTOS = YES_AGGRESSIVE;
				GCC_WARN_UNUSED_FUNCTION = YES;
				GCC_WARN_UNUSED_VARIABLE = YES;
				IPHONEOS_DEPLOYMENT_TARGET = 10.2;
				MTL_ENABLE_DEBUG_INFO = NO;
				SDKROOT = iphoneos;
				SWIFT_OPTIMIZATION_LEVEL = "-Owholemodule";
				VALIDATE_PRODUCT = YES;
			};
			name = Release;
		};
		824BCA471E3D3AE00014F1D3 /* Debug */ = {
			isa = XCBuildConfiguration;
			buildSettings = {
				ASSETCATALOG_COMPILER_APPICON_NAME = AppIcon;
				INFOPLIST_FILE = "Pitch Perfect/Info.plist";
				LD_RUNPATH_SEARCH_PATHS = "$(inherited) @executable_path/Frameworks";
				PRODUCT_BUNDLE_IDENTIFIER = "com.gcamilo.Pitch-Perfect";
				PRODUCT_NAME = "$(TARGET_NAME)";
				SWIFT_VERSION = 3.0;
			};
			name = Debug;
		};
		824BCA481E3D3AE00014F1D3 /* Release */ = {
			isa = XCBuildConfiguration;
			buildSettings = {
				ASSETCATALOG_COMPILER_APPICON_NAME = AppIcon;
				INFOPLIST_FILE = "Pitch Perfect/Info.plist";
				LD_RUNPATH_SEARCH_PATHS = "$(inherited) @executable_path/Frameworks";
				PRODUCT_BUNDLE_IDENTIFIER = "com.gcamilo.Pitch-Perfect";
				PRODUCT_NAME = "$(TARGET_NAME)";
				SWIFT_VERSION = 3.0;
			};
			name = Release;
		};
/* End XCBuildConfiguration section */

/* Begin XCConfigurationList section */
		824BCA2F1E3D3AE00014F1D3 /* Build configuration list for PBXProject "Pitch Perfect" */ = {
			isa = XCConfigurationList;
			buildConfigurations = (
				824BCA441E3D3AE00014F1D3 /* Debug */,
				824BCA451E3D3AE00014F1D3 /* Release */,
			);
			defaultConfigurationIsVisible = 0;
			defaultConfigurationName = Release;
		};
		824BCA461E3D3AE00014F1D3 /* Build configuration list for PBXNativeTarget "Pitch Perfect" */ = {
			isa = XCConfigurationList;
			buildConfigurations = (
				824BCA471E3D3AE00014F1D3 /* Debug */,
				824BCA481E3D3AE00014F1D3 /* Release */,
			);
			defaultConfigurationIsVisible = 0;
			defaultConfigurationName = Release;
		};
/* End XCConfigurationList section */
	};
	rootObject = 824BCA2C1E3D3AE00014F1D3 /* Project object */;
}
